Microsoft Visual Studio Solution File, Format Version 11.00
# Visual Studio 2008

Project("{1AF4AD18-2F57-8322-6CBD-1B0662B904F4}") = "TowerDefenseExercicio", "Assembly-CSharp-firstpass.csproj", "{11F3A325-F568-EE3D-BCA9-35EFB20F6EA5}"
EndProject
Project("{1AF4AD18-2F57-8322-6CBD-1B0662B904F4}") = "TowerDefenseExercicio", "Assembly-CSharp.csproj", "{B79924F9-125A-0C9E-70D7-243ED76DA26E}"
EndProject
Project("{1AF4AD18-2F57-8322-6CBD-1B0662B904F4}") = "TowerDefenseExercicio", "Assembly-CSharp-Editor-firstpass.csproj", "{4E16B740-9E3D-3588-8A4B-93FA7C6C2604}"
EndProject
Global
	GlobalSection(SolutionConfigurationPlatforms) = preSolution
		Debug|Any CPU = Debug|Any CPU
		Release|Any CPU = Release|Any CPU
	EndGlobalSection
	GlobalSection(ProjectConfigurationPlatforms) = postSolution
		{11F3A325-F568-EE3D-BCA9-35EFB20F6EA5}.Debug|Any CPU.ActiveCfg = Debug|Any CPU
		{11F3A325-F568-EE3D-BCA9-35EFB20F6EA5}.Debug|Any CPU.Build.0 = Debug|Any CPU
		{11F3A325-F568-EE3D-BCA9-35EFB20F6EA5}.Release|Any CPU.ActiveCfg = Release|Any CPU
		{11F3A325-F568-EE3D-BCA9-35EFB20F6EA5}.Release|Any CPU.Build.0 = Release|Any CPU
		{B79924F9-125A-0C9E-70D7-243ED76DA26E}.Debug|Any CPU.ActiveCfg = Debug|Any CPU
		{B79924F9-125A-0C9E-70D7-243ED76DA26E}.Debug|Any CPU.Build.0 = Debug|Any CPU
		{B79924F9-125A-0C9E-70D7-243ED76DA26E}.Release|Any CPU.ActiveCfg = Release|Any CPU
		{B79924F9-125A-0C9E-70D7-243ED76DA26E}.Release|Any CPU.Build.0 = Release|Any CPU
		{4E16B740-9E3D-3588-8A4B-93FA7C6C2604}.Debug|Any CPU.ActiveCfg = Debug|Any CPU
		{4E16B740-9E3D-3588-8A4B-93FA7C6C2604}.Debug|Any CPU.Build.0 = Debug|Any CPU
		{4E16B740-9E3D-3588-8A4B-93FA7C6C2604}.Release|Any CPU.ActiveCfg = Release|Any CPU
		{4E16B740-9E3D-3588-8A4B-93FA7C6C2604}.Release|Any CPU.Build.0 = Release|Any CPU
	EndGlobalSection
	GlobalSection(SolutionProperties) = preSolution
		HideSolutionNode = FALSE
	EndGlobalSection
	GlobalSection(MonoDevelopProperties) = preSolution
		StartupItem = Assembly-CSharp.csproj
	EndGlobalSection
EndGlobal
